
Microsoft Visual Studio Solution File, Format Version 12.00
# Visual Studio Version 16
VisualStudioVersion = 16.0.32126.315
MinimumVisualStudioVersion = 10.0.40219.1
Project("{9A19103F-16F7-4668-BE54-9A1E7A4F7556}") = "RealCalculatorApp", "RealCalculatorApp\RealCalculatorApp.csproj", "{8E1C6FA1-74DF-4417-99B1-726E0394809F}"
EndProject
Project("{FAE04EC0-301F-11D3-BF4B-00C04F79EFBC}") = "RealCalculatorApp2.0", "RealCalculatorApp2.0\RealCalculatorApp2.0.csproj", "{7CCEEE2E-324C-44F7-B538-B7AFE4204C78}"
EndProject
Project("{FAE04EC0-301F-11D3-BF4B-00C04F79EFBC}") = "AverageNumberApp", "AverageNumber\AverageNumberApp.csproj", "{CDBE10F2-DCB0-4590-AFB9-254A73916B7B}"
EndProject
Project("{FAE04EC0-301F-11D3-BF4B-00C04F79EFBC}") = "SwapNumbersApp", "SwapNumbersApp\SwapNumbersApp.csproj", "{59415A91-68C4-4F64-88B3-5BD9BA82BD3F}"
EndProject
Global
	GlobalSection(SolutionConfigurationPlatforms) = preSolution
		Debug|Any CPU = Debug|Any CPU
		Release|Any CPU = Release|Any CPU
	EndGlobalSection
	GlobalSection(ProjectConfigurationPlatforms) = postSolution
		{8E1C6FA1-74DF-4417-99B1-726E0394809F}.Debug|Any CPU.ActiveCfg = Debug|Any CPU
		{8E1C6FA1-74DF-4417-99B1-726E0394809F}.Debug|Any CPU.Build.0 = Debug|Any CPU
		{8E1C6FA1-74DF-4417-99B1-726E0394809F}.Release|Any CPU.ActiveCfg = Release|Any CPU
		{8E1C6FA1-74DF-4417-99B1-726E0394809F}.Release|Any CPU.Build.0 = Release|Any CPU
		{7CCEEE2E-324C-44F7-B538-B7AFE4204C78}.Debug|Any CPU.ActiveCfg = Debug|Any CPU
		{7CCEEE2E-324C-44F7-B538-B7AFE4204C78}.Debug|Any CPU.Build.0 = Debug|Any CPU
		{7CCEEE2E-324C-44F7-B538-B7AFE4204C78}.Release|Any CPU.ActiveCfg = Release|Any CPU
		{7CCEEE2E-324C-44F7-B538-B7AFE4204C78}.Release|Any CPU.Build.0 = Release|Any CPU
		{CDBE10F2-DCB0-4590-AFB9-254A73916B7B}.Debug|Any CPU.ActiveCfg = Debug|Any CPU
		{CDBE10F2-DCB0-4590-AFB9-254A73916B7B}.Debug|Any CPU.Build.0 = Debug|Any CPU
		{CDBE10F2-DCB0-4590-AFB9-254A73916B7B}.Release|Any CPU.ActiveCfg = Release|Any CPU
		{CDBE10F2-DCB0-4590-AFB9-254A73916B7B}.Release|Any CPU.Build.0 = Release|Any CPU
		{59415A91-68C4-4F64-88B3-5BD9BA82BD3F}.Debug|Any CPU.ActiveCfg = Debug|Any CPU
		{59415A91-68C4-4F64-88B3-5BD9BA82BD3F}.Debug|Any CPU.Build.0 = Debug|Any CPU
		{59415A91-68C4-4F64-88B3-5BD9BA82BD3F}.Release|Any CPU.ActiveCfg = Release|Any CPU
		{59415A91-68C4-4F64-88B3-5BD9BA82BD3F}.Release|Any CPU.Build.0 = Release|Any CPU
	EndGlobalSection
	GlobalSection(SolutionProperties) = preSolution
		HideSolutionNode = FALSE
	EndGlobalSection
	GlobalSection(ExtensibilityGlobals) = postSolution
		SolutionGuid = {AA170ACA-5D3C-4848-B36D-B8D46BDBE08A}
	EndGlobalSection
EndGlobal
